
Microsoft Visual Studio Solution File, Format Version 12.00
# Visual Studio Version 17
VisualStudioVersion = 17.3.32929.385
MinimumVisualStudioVersion = 10.0.40219.1
Project("{8BC9CEB8-8B4A-11D0-8D11-00A0C91BC942}") = "ch20stringBinaryTree", "ch20stringBinaryTree\ch20stringBinaryTree.vcxproj", "{91346353-D0E3-4692-A209-8D45F6F7379D}"
EndProject
Global
	GlobalSection(SolutionConfigurationPlatforms) = preSolution
		Debug|x64 = Debug|x64
		Debug|x86 = Debug|x86
		Release|x64 = Release|x64
		Release|x86 = Release|x86
	EndGlobalSection
	GlobalSection(ProjectConfigurationPlatforms) = postSolution
		{91346353-D0E3-4692-A209-8D45F6F7379D}.Debug|x64.ActiveCfg = Debug|x64
		{91346353-D0E3-4692-A209-8D45F6F7379D}.Debug|x64.Build.0 = Debug|x64
		{91346353-D0E3-4692-A209-8D45F6F7379D}.Debug|x86.ActiveCfg = Debug|Win32
		{91346353-D0E3-4692-A209-8D45F6F7379D}.Debug|x86.Build.0 = Debug|Win32
		{91346353-D0E3-4692-A209-8D45F6F7379D}.Release|x64.ActiveCfg = Release|x64
		{91346353-D0E3-4692-A209-8D45F6F7379D}.Release|x64.Build.0 = Release|x64
		{91346353-D0E3-4692-A209-8D45F6F7379D}.Release|x86.ActiveCfg = Release|Win32
		{91346353-D0E3-4692-A209-8D45F6F7379D}.Release|x86.Build.0 = Release|Win32
	EndGlobalSection
	GlobalSection(SolutionProperties) = preSolution
		HideSolutionNode = FALSE
	EndGlobalSection
	GlobalSection(ExtensibilityGlobals) = postSolution
		SolutionGuid = {E17B4C50-428A-422E-807E-DD1FFE26DB6F}
	EndGlobalSection
EndGlobal
